
Microsoft Visual Studio Solution File, Format Version 12.00
# Visual Studio Version 16
VisualStudioVersion = 16.0.31005.135
MinimumVisualStudioVersion = 10.0.40219.1
Project("{9A19103F-16F7-4668-BE54-9A1E7A4F7556}") = "Project", "Project\Project.csproj", "{34996E5A-A409-4A17-95BE-1B00B94133D3}"
EndProject
Project("{9A19103F-16F7-4668-BE54-9A1E7A4F7556}") = "Library", "Library\Library.csproj", "{EFEE9A30-6DA0-49AA-89CB-1AD437C89231}"
EndProject
Global
	GlobalSection(SolutionConfigurationPlatforms) = preSolution
		Debug|Any CPU = Debug|Any CPU
		Release|Any CPU = Release|Any CPU
	EndGlobalSection
	GlobalSection(ProjectConfigurationPlatforms) = postSolution
		{34996E5A-A409-4A17-95BE-1B00B94133D3}.Debug|Any CPU.ActiveCfg = Debug|Any CPU
		{34996E5A-A409-4A17-95BE-1B00B94133D3}.Debug|Any CPU.Build.0 = Debug|Any CPU
		{34996E5A-A409-4A17-95BE-1B00B94133D3}.Release|Any CPU.ActiveCfg = Release|Any CPU
		{34996E5A-A409-4A17-95BE-1B00B94133D3}.Release|Any CPU.Build.0 = Release|Any CPU
		{EFEE9A30-6DA0-49AA-89CB-1AD437C89231}.Debug|Any CPU.ActiveCfg = Debug|Any CPU
		{EFEE9A30-6DA0-49AA-89CB-1AD437C89231}.Debug|Any CPU.Build.0 = Debug|Any CPU
		{EFEE9A30-6DA0-49AA-89CB-1AD437C89231}.Release|Any CPU.ActiveCfg = Release|Any CPU
		{EFEE9A30-6DA0-49AA-89CB-1AD437C89231}.Release|Any CPU.Build.0 = Release|Any CPU
	EndGlobalSection
	GlobalSection(SolutionProperties) = preSolution
		HideSolutionNode = FALSE
	EndGlobalSection
	GlobalSection(ExtensibilityGlobals) = postSolution
		SolutionGuid = {CE039866-B4D7-4404-B0AF-B55B01CFA57F}
	EndGlobalSection
EndGlobal
